
Microsoft Visual Studio Solution File, Format Version 11.00
# Visual Studio 2010
Project("{FAE04EC0-301F-11D3-BF4B-00C04F79EFBC}") = "Assembly-CSharp", "Assembly-CSharp.csproj", "{50E25EE6-3D0E-99B5-8F28-67C0CF8F8F33}"
EndProject
Global
	GlobalSection(SolutionConfigurationPlatforms) = preSolution
		Debug|Any CPU = Debug|Any CPU
		Release|Any CPU = Release|Any CPU
	EndGlobalSection
	GlobalSection(ProjectConfigurationPlatforms) = postSolution
		{50E25EE6-3D0E-99B5-8F28-67C0CF8F8F33}.Debug|Any CPU.ActiveCfg = Debug|Any CPU
		{50E25EE6-3D0E-99B5-8F28-67C0CF8F8F33}.Debug|Any CPU.Build.0 = Debug|Any CPU
		{50E25EE6-3D0E-99B5-8F28-67C0CF8F8F33}.Release|Any CPU.ActiveCfg = Release|Any CPU
		{50E25EE6-3D0E-99B5-8F28-67C0CF8F8F33}.Release|Any CPU.Build.0 = Release|Any CPU
	EndGlobalSection
	GlobalSection(SolutionProperties) = preSolution
		HideSolutionNode = FALSE
	EndGlobalSection
EndGlobal
